
Microsoft Visual Studio Solution File, Format Version 12.00
# Visual Studio Version 16
VisualStudioVersion = 16.0.31129.286
MinimumVisualStudioVersion = 10.0.40219.1
Project("{FAE04EC0-301F-11D3-BF4B-00C04F79EFBC}") = "Project.DataAccess", "..\Project.DataAccess\Project.DataAccess.csproj", "{26249CDF-3D51-4650-B23A-C6FA5A860760}"
EndProject
Project("{FAE04EC0-301F-11D3-BF4B-00C04F79EFBC}") = "Project.Business", "..\Project.Business\Project.Business.csproj", "{4EFE6F71-42A7-44E2-839B-17D26A48290F}"
EndProject
Project("{FAE04EC0-301F-11D3-BF4B-00C04F79EFBC}") = "Proje.Web", "..\Proje.Web\Proje.Web.csproj", "{C37694B2-9A25-4FD6-A03F-984E781D9DD1}"
EndProject
Global
	GlobalSection(SolutionConfigurationPlatforms) = preSolution
		Debug|Any CPU = Debug|Any CPU
		Release|Any CPU = Release|Any CPU
	EndGlobalSection
	GlobalSection(ProjectConfigurationPlatforms) = postSolution
		{26249CDF-3D51-4650-B23A-C6FA5A860760}.Debug|Any CPU.ActiveCfg = Debug|Any CPU
		{26249CDF-3D51-4650-B23A-C6FA5A860760}.Debug|Any CPU.Build.0 = Debug|Any CPU
		{26249CDF-3D51-4650-B23A-C6FA5A860760}.Release|Any CPU.ActiveCfg = Release|Any CPU
		{26249CDF-3D51-4650-B23A-C6FA5A860760}.Release|Any CPU.Build.0 = Release|Any CPU
		{4EFE6F71-42A7-44E2-839B-17D26A48290F}.Debug|Any CPU.ActiveCfg = Debug|Any CPU
		{4EFE6F71-42A7-44E2-839B-17D26A48290F}.Debug|Any CPU.Build.0 = Debug|Any CPU
		{4EFE6F71-42A7-44E2-839B-17D26A48290F}.Release|Any CPU.ActiveCfg = Release|Any CPU
		{4EFE6F71-42A7-44E2-839B-17D26A48290F}.Release|Any CPU.Build.0 = Release|Any CPU
		{C37694B2-9A25-4FD6-A03F-984E781D9DD1}.Debug|Any CPU.ActiveCfg = Debug|Any CPU
		{C37694B2-9A25-4FD6-A03F-984E781D9DD1}.Debug|Any CPU.Build.0 = Debug|Any CPU
		{C37694B2-9A25-4FD6-A03F-984E781D9DD1}.Release|Any CPU.ActiveCfg = Release|Any CPU
		{C37694B2-9A25-4FD6-A03F-984E781D9DD1}.Release|Any CPU.Build.0 = Release|Any CPU
	EndGlobalSection
	GlobalSection(SolutionProperties) = preSolution
		HideSolutionNode = FALSE
	EndGlobalSection
	GlobalSection(ExtensibilityGlobals) = postSolution
		SolutionGuid = {DA6ED5DB-F665-4D97-8494-AE1D0859C55E}
	EndGlobalSection
EndGlobal
